
Microsoft Visual Studio Solution File, Format Version 12.00
# Visual Studio Version 17
VisualStudioVersion = 17.0.31903.59
MinimumVisualStudioVersion = 10.0.40219.1
Project("{FAE04EC0-301F-11D3-BF4B-00C04F79EFBC}") = "NodeWar.Simulation", "NodeWar.Simulation\NodeWar.Simulation.csproj", "{FC54B758-C86E-4FCE-95F0-727C28979C46}"
EndProject
Project("{FAE04EC0-301F-11D3-BF4B-00C04F79EFBC}") = "NodeWar.Simulation.Tests", "NodeWar.Simulation.Tests\NodeWar.Simulation.Tests.csproj", "{8808EE55-D39F-49F3-B9B6-64C89E6C1AB1}"
EndProject
Project("{FAE04EC0-301F-11D3-BF4B-00C04F79EFBC}") = "NodeWar.Lobby.Tests", "NodeWar.Lobby.Tests\NodeWar.Lobby.Tests.csproj", "{03939797-815E-48D6-ACFB-1FDF5774EBC8}"
EndProject
Global
	GlobalSection(SolutionConfigurationPlatforms) = preSolution
		Debug|Any CPU = Debug|Any CPU
		Release|Any CPU = Release|Any CPU
	EndGlobalSection
	GlobalSection(SolutionProperties) = preSolution
		HideSolutionNode = FALSE
	EndGlobalSection
	GlobalSection(ProjectConfigurationPlatforms) = postSolution
		{FC54B758-C86E-4FCE-95F0-727C28979C46}.Debug|Any CPU.ActiveCfg = Debug|Any CPU
		{FC54B758-C86E-4FCE-95F0-727C28979C46}.Debug|Any CPU.Build.0 = Debug|Any CPU
		{FC54B758-C86E-4FCE-95F0-727C28979C46}.Release|Any CPU.ActiveCfg = Release|Any CPU
		{FC54B758-C86E-4FCE-95F0-727C28979C46}.Release|Any CPU.Build.0 = Release|Any CPU
		{8808EE55-D39F-49F3-B9B6-64C89E6C1AB1}.Debug|Any CPU.ActiveCfg = Debug|Any CPU
		{8808EE55-D39F-49F3-B9B6-64C89E6C1AB1}.Debug|Any CPU.Build.0 = Debug|Any CPU
		{8808EE55-D39F-49F3-B9B6-64C89E6C1AB1}.Release|Any CPU.ActiveCfg = Release|Any CPU
		{8808EE55-D39F-49F3-B9B6-64C89E6C1AB1}.Release|Any CPU.Build.0 = Release|Any CPU
		{03939797-815E-48D6-ACFB-1FDF5774EBC8}.Debug|Any CPU.ActiveCfg = Debug|Any CPU
		{03939797-815E-48D6-ACFB-1FDF5774EBC8}.Debug|Any CPU.Build.0 = Debug|Any CPU
		{03939797-815E-48D6-ACFB-1FDF5774EBC8}.Release|Any CPU.ActiveCfg = Release|Any CPU
		{03939797-815E-48D6-ACFB-1FDF5774EBC8}.Release|Any CPU.Build.0 = Release|Any CPU
	EndGlobalSection
EndGlobal
